<Solution>
  <Project Path="Common/Common.csproj" />
  <Project Path="Devices/Devices.csproj" />
  <Project Path="WinMachine/WinMachine.csproj" />
  <Project Path="tests/Common.Tests/Common.Tests.csproj" />
  <Project Path="tests/Devices.Tests/Devices.Tests.csproj" />
  <Project Path="tests/WinMachine.Tests/WinMachine.Tests.csproj" />
</Solution>
